
Microsoft Visual Studio Solution File, Format Version 12.00
# Visual Studio Version 16
VisualStudioVersion = 16.0.29728.190
MinimumVisualStudioVersion = 10.0.40219.1
Project("{FAE04EC0-301F-11D3-BF4B-00C04F79EFBC}") = "Blog.Web", "Blog.Web\Blog.Web.csproj", "{05FAE519-00C9-426B-A418-ABF6AFCA27C3}"
EndProject
Global
	GlobalSection(SolutionConfigurationPlatforms) = preSolution
		Debug|Any CPU = Debug|Any CPU
		Release|Any CPU = Release|Any CPU
	EndGlobalSection
	GlobalSection(ProjectConfigurationPlatforms) = postSolution
		{05FAE519-00C9-426B-A418-ABF6AFCA27C3}.Debug|Any CPU.ActiveCfg = Debug|Any CPU
		{05FAE519-00C9-426B-A418-ABF6AFCA27C3}.Debug|Any CPU.Build.0 = Debug|Any CPU
		{05FAE519-00C9-426B-A418-ABF6AFCA27C3}.Release|Any CPU.ActiveCfg = Release|Any CPU
		{05FAE519-00C9-426B-A418-ABF6AFCA27C3}.Release|Any CPU.Build.0 = Release|Any CPU
	EndGlobalSection
	GlobalSection(SolutionProperties) = preSolution
		HideSolutionNode = FALSE
	EndGlobalSection
	GlobalSection(ExtensibilityGlobals) = postSolution
		SolutionGuid = {AA6B49A1-2EF0-4455-BC2B-91222CBBA676}
	EndGlobalSection
EndGlobal
